{
  "version": 4,
  "terraform_version": "0.14.7",
  "serial": 75,
  "lineage": "2d96d3e1-7faf-72c6-c4d4-e6e8ef180705",
  "outputs": {},
  "resources": [
    {
      "mode": "data",
      "type": "openstack_compute_flavor_v2",
      "name": "m1-micro",
      "provider": "provider[\"registry.terraform.io/terraform-provider-openstack/openstack\"]",
      "instances": [
        {
          "schema_version": 0,
          "attributes": {
            "disk": 50,
            "extra_specs": {},
            "flavor_id": "d5cb96d8-c99b-441d-a4b5-1be84cb760fe",
            "id": "d5cb96d8-c99b-441d-a4b5-1be84cb760fe",
            "is_public": true,
            "min_disk": null,
            "min_ram": null,
            "name": "magma-agw",
            "ram": 4096,
            "region": null,
            "rx_tx_factor": 1,
            "swap": 0,
            "vcpus": 1
          },
          "sensitive_attributes": []
        }
      ]
    },
    {
      "mode": "data",
      "type": "openstack_images_image_v2",
      "name": "debian-buster",
      "provider": "provider[\"registry.terraform.io/terraform-provider-openstack/openstack\"]",
      "instances": [
        {
          "schema_version": 0,
          "attributes": {
            "checksum": "9b18fb45c4e28f0b09fd28206a2391aa",
            "container_format": "bare",
            "created_at": "2021-02-25T21:55:04Z",
            "disk_format": "qcow2",
            "file": "/v2/images/bc24ab09-60ee-42b4-b976-e241c228ee56/file",
            "id": "bc24ab09-60ee-42b4-b976-e241c228ee56",
            "member_status": null,
            "metadata": {},
            "min_disk_gb": 0,
            "min_ram_mb": 0,
            "most_recent": true,
            "name": "debian10",
            "owner": "7625993ecf6d4b759984126f50d5ce4a",
            "properties": null,
            "protected": false,
            "region": "RegionOne",
            "schema": "/v2/schemas/image",
            "size_bytes": 597188096,
            "size_max": null,
            "size_min": null,
            "sort_direction": "asc",
            "sort_key": "name",
            "tag": null,
            "tags": [],
            "updated_at": "2021-02-25T21:55:16Z",
            "visibility": "shared"
          },
          "sensitive_attributes": []
        }
      ]
    },
    {
      "mode": "data",
      "type": "openstack_networking_floatingip_v2",
      "name": "debian-buster-fip",
      "provider": "provider[\"registry.terraform.io/terraform-provider-openstack/openstack\"]",
      "instances": [
        {
          "schema_version": 0,
          "attributes": {
            "address": "10.80.81.191",
            "all_tags": [],
            "description": "IP for autoscaling test",
            "dns_domain": "",
            "dns_name": "",
            "fixed_ip": "",
            "id": "434b6c6e-93b4-402d-8ce4-5782cef85f64",
            "pool": "e484483c-6387-44e3-b4c0-1075d1bc32ee",
            "port_id": "",
            "region": "RegionOne",
            "status": "DOWN",
            "tags": null,
            "tenant_id": "7625993ecf6d4b759984126f50d5ce4a"
          },
          "sensitive_attributes": []
        }
      ]
    },
    {
      "mode": "data",
      "type": "openstack_networking_secgroup_v2",
      "name": "buster",
      "provider": "provider[\"registry.terraform.io/terraform-provider-openstack/openstack\"]",
      "instances": [
        {
          "schema_version": 0,
          "attributes": {
            "all_tags": [],
            "description": "Buster Security Group",
            "id": "2d983309-8e52-484a-af04-190694153b1b",
            "name": "buster",
            "region": "RegionOne",
            "secgroup_id": null,
            "tags": null,
            "tenant_id": "7625993ecf6d4b759984126f50d5ce4a"
          },
          "sensitive_attributes": []
        }
      ]
    },
    {
      "mode": "data",
      "type": "template_cloudinit_config",
      "name": "debian",
      "provider": "provider[\"registry.terraform.io/hashicorp/template\"]",
      "instances": [
        {
          "schema_version": 0,
          "attributes": {
            "base64_encode": false,
            "gzip": false,
            "id": "2859145573",
            "part": [
              {
                "content": "#cloud-config\npackage_upgrade: true\n\npassword: orion\nchpasswd: { expire: False }\nssh_pwauth: True\n\nruncmd:\n - [ sh, -c, 'echo \"nameserver 8.8.8.8\" \u003e\u003e /etc/resolv.conf' ]\n - sudo apt update \u0026\u0026 sudo apt install -y apache2\n - sudo systemctl restart apache2\n - sudo apt install -y prometheus-node-exporter\n - sudo mkdir -p /var/www/example.com\n - sudo chown -R $USER:$USER /var/www/example.com\n - sudo chmod -R 755 /var/www/example.com\n - sudo echo -e \"\u003chtml\u003e\\n\\t\u003chead\u003e\\n\\t\\t\u003ctitle\u003eWelcome to example.com\\!\u003c/title\u003e\\n\\t\u003c/head\u003e\\n\\t\u003cbody\u003e\\n\\t\\t\u003ch1\u003eSuccess\\!  The example.com virtual host is working!\u003c/h1\u003e\\n\\t\u003c/body\u003e\\n\u003c/html\u003e\" \u003e\u003e /var/www/example.com/index.html\n - sudo sed -i 's/\\\\//g' /var/www/example.com/html/index.html\n - sudo echo -e \"\u003cVirtualHost *:80\u003e\\n\\tServerAdmin webmaster@localhost\\n\\tServerName example.com\\n\\tServerAlias www.example.com\\n\\tDocumentRoot /var/www/example.com\\n\\tErrorLog /var/log/apache2/error.log\\n\\tCustomLog /var/log/apache2/access.log combined\\n\u003c/VirtualHost\u003e\" \u003e\u003e /etc/apache2/sites-available/example.com.conf\n - sudo a2ensite example.com.conf\n - sudo a2dissite 000-default.conf\n - sudo apache2ctl configtest\n - sudo systemctl restart apache2\n\n",
                "content_type": "text/cloud-config",
                "filename": "init.cfg",
                "merge_type": ""
              }
            ],
            "rendered": "Content-Type: multipart/mixed; boundary=\"MIMEBOUNDARY\"\nMIME-Version: 1.0\r\n\r\n--MIMEBOUNDARY\r\nContent-Disposition: attachment; filename=\"init.cfg\"\r\nContent-Transfer-Encoding: 7bit\r\nContent-Type: text/cloud-config\r\nMime-Version: 1.0\r\n\r\n#cloud-config\npackage_upgrade: true\n\npassword: orion\nchpasswd: { expire: False }\nssh_pwauth: True\n\nruncmd:\n - [ sh, -c, 'echo \"nameserver 8.8.8.8\" \u003e\u003e /etc/resolv.conf' ]\n - sudo apt update \u0026\u0026 sudo apt install -y apache2\n - sudo systemctl restart apache2\n - sudo apt install -y prometheus-node-exporter\n - sudo mkdir -p /var/www/example.com\n - sudo chown -R $USER:$USER /var/www/example.com\n - sudo chmod -R 755 /var/www/example.com\n - sudo echo -e \"\u003chtml\u003e\\n\\t\u003chead\u003e\\n\\t\\t\u003ctitle\u003eWelcome to example.com\\!\u003c/title\u003e\\n\\t\u003c/head\u003e\\n\\t\u003cbody\u003e\\n\\t\\t\u003ch1\u003eSuccess\\!  The example.com virtual host is working!\u003c/h1\u003e\\n\\t\u003c/body\u003e\\n\u003c/html\u003e\" \u003e\u003e /var/www/example.com/index.html\n - sudo sed -i 's/\\\\//g' /var/www/example.com/html/index.html\n - sudo echo -e \"\u003cVirtualHost *:80\u003e\\n\\tServerAdmin webmaster@localhost\\n\\tServerName example.com\\n\\tServerAlias www.example.com\\n\\tDocumentRoot /var/www/example.com\\n\\tErrorLog /var/log/apache2/error.log\\n\\tCustomLog /var/log/apache2/access.log combined\\n\u003c/VirtualHost\u003e\" \u003e\u003e /etc/apache2/sites-available/example.com.conf\n - sudo a2ensite example.com.conf\n - sudo a2dissite 000-default.conf\n - sudo apache2ctl configtest\n - sudo systemctl restart apache2\n\n\r\n--MIMEBOUNDARY--\r\n"
          },
          "sensitive_attributes": []
        }
      ]
    },
    {
      "mode": "data",
      "type": "template_file",
      "name": "debian",
      "provider": "provider[\"registry.terraform.io/hashicorp/template\"]",
      "instances": [
        {
          "schema_version": 0,
          "attributes": {
            "filename": null,
            "id": "10851161db01c3a8666fe9cbf8dc12442346543885f18e115dd10ad4fa83928e",
            "rendered": "#cloud-config\npackage_upgrade: true\n\npassword: orion\nchpasswd: { expire: False }\nssh_pwauth: True\n\nruncmd:\n - [ sh, -c, 'echo \"nameserver 8.8.8.8\" \u003e\u003e /etc/resolv.conf' ]\n - sudo apt update \u0026\u0026 sudo apt install -y apache2\n - sudo systemctl restart apache2\n - sudo apt install -y prometheus-node-exporter\n - sudo mkdir -p /var/www/example.com\n - sudo chown -R $USER:$USER /var/www/example.com\n - sudo chmod -R 755 /var/www/example.com\n - sudo echo -e \"\u003chtml\u003e\\n\\t\u003chead\u003e\\n\\t\\t\u003ctitle\u003eWelcome to example.com\\!\u003c/title\u003e\\n\\t\u003c/head\u003e\\n\\t\u003cbody\u003e\\n\\t\\t\u003ch1\u003eSuccess\\!  The example.com virtual host is working!\u003c/h1\u003e\\n\\t\u003c/body\u003e\\n\u003c/html\u003e\" \u003e\u003e /var/www/example.com/index.html\n - sudo sed -i 's/\\\\//g' /var/www/example.com/html/index.html\n - sudo echo -e \"\u003cVirtualHost *:80\u003e\\n\\tServerAdmin webmaster@localhost\\n\\tServerName example.com\\n\\tServerAlias www.example.com\\n\\tDocumentRoot /var/www/example.com\\n\\tErrorLog /var/log/apache2/error.log\\n\\tCustomLog /var/log/apache2/access.log combined\\n\u003c/VirtualHost\u003e\" \u003e\u003e /etc/apache2/sites-available/example.com.conf\n - sudo a2ensite example.com.conf\n - sudo a2dissite 000-default.conf\n - sudo apache2ctl configtest\n - sudo systemctl restart apache2\n\n",
            "template": "#cloud-config\npackage_upgrade: true\n\npassword: orion\nchpasswd: { expire: False }\nssh_pwauth: True\n\nruncmd:\n - [ sh, -c, 'echo \"nameserver 8.8.8.8\" \u003e\u003e /etc/resolv.conf' ]\n - sudo apt update \u0026\u0026 sudo apt install -y apache2\n - sudo systemctl restart apache2\n - sudo apt install -y prometheus-node-exporter\n - sudo mkdir -p /var/www/example.com\n - sudo chown -R $USER:$USER /var/www/example.com\n - sudo chmod -R 755 /var/www/example.com\n - sudo echo -e \"\u003chtml\u003e\\n\\t\u003chead\u003e\\n\\t\\t\u003ctitle\u003eWelcome to example.com\\!\u003c/title\u003e\\n\\t\u003c/head\u003e\\n\\t\u003cbody\u003e\\n\\t\\t\u003ch1\u003eSuccess\\!  The example.com virtual host is working!\u003c/h1\u003e\\n\\t\u003c/body\u003e\\n\u003c/html\u003e\" \u003e\u003e /var/www/example.com/index.html\n - sudo sed -i 's/\\\\//g' /var/www/example.com/html/index.html\n - sudo echo -e \"\u003cVirtualHost *:80\u003e\\n\\tServerAdmin webmaster@localhost\\n\\tServerName example.com\\n\\tServerAlias www.example.com\\n\\tDocumentRoot /var/www/example.com\\n\\tErrorLog /var/log/apache2/error.log\\n\\tCustomLog /var/log/apache2/access.log combined\\n\u003c/VirtualHost\u003e\" \u003e\u003e /etc/apache2/sites-available/example.com.conf\n - sudo a2ensite example.com.conf\n - sudo a2dissite 000-default.conf\n - sudo apache2ctl configtest\n - sudo systemctl restart apache2\n\n",
            "vars": null
          },
          "sensitive_attributes": []
        }
      ]
    },
    {
      "mode": "managed",
      "type": "openstack_compute_floatingip_associate_v2",
      "name": "debian-buster-fip",
      "provider": "provider[\"registry.terraform.io/terraform-provider-openstack/openstack\"]",
      "instances": [
        {
          "schema_version": 0,
          "attributes": {
            "fixed_ip": "",
            "floating_ip": "10.80.81.191",
            "id": "10.80.81.191/7f8d3e4e-46b9-4bbd-8d33-d7fd6ed7db47/",
            "instance_id": "7f8d3e4e-46b9-4bbd-8d33-d7fd6ed7db47",
            "region": "RegionOne",
            "timeouts": null,
            "wait_until_associated": null
          },
          "sensitive_attributes": [],
          "private": "eyJlMmJmYjczMC1lY2FhLTExZTYtOGY4OC0zNDM2M2JjN2M0YzAiOnsiY3JlYXRlIjo2MDAwMDAwMDAwMDB9fQ==",
          "dependencies": [
            "data.openstack_compute_flavor_v2.m1-micro",
            "data.openstack_images_image_v2.debian-buster",
            "data.openstack_networking_floatingip_v2.debian-buster-fip",
            "data.openstack_networking_secgroup_v2.buster",
            "data.template_file.debian",
            "openstack_compute_instance_v2.debian-buster"
          ]
        }
      ]
    },
    {
      "mode": "managed",
      "type": "openstack_compute_instance_v2",
      "name": "debian-buster",
      "provider": "provider[\"registry.terraform.io/terraform-provider-openstack/openstack\"]",
      "instances": [
        {
          "schema_version": 0,
          "attributes": {
            "access_ip_v4": "172.16.101.5",
            "access_ip_v6": "",
            "admin_pass": null,
            "all_metadata": {
              "node_exporter": "true",
              "prometheus": "true"
            },
            "all_tags": [],
            "availability_zone": "nova",
            "availability_zone_hints": null,
            "block_device": [],
            "config_drive": null,
            "flavor_id": "d5cb96d8-c99b-441d-a4b5-1be84cb760fe",
            "flavor_name": "magma-agw",
            "floating_ip": null,
            "force_delete": false,
            "id": "7f8d3e4e-46b9-4bbd-8d33-d7fd6ed7db47",
            "image_id": "bc24ab09-60ee-42b4-b976-e241c228ee56",
            "image_name": "debian10",
            "key_pair": "",
            "metadata": {
              "node_exporter": "true",
              "prometheus": "true"
            },
            "name": "debian-buster-scaling",
            "network": [
              {
                "access_network": false,
                "fixed_ip_v4": "172.16.101.5",
                "fixed_ip_v6": "",
                "floating_ip": "",
                "mac": "fa:16:3e:dc:4f:34",
                "name": "SGI_ORAN",
                "port": "",
                "uuid": "157685f3-5cd3-40ea-aa61-e5cdc458d772"
              }
            ],
            "network_mode": null,
            "personality": [],
            "power_state": "active",
            "region": "RegionOne",
            "scheduler_hints": [],
            "security_groups": [
              "buster"
            ],
            "stop_before_destroy": false,
            "tags": null,
            "timeouts": null,
            "user_data": "9f2e64b4b575e24ea206f93c313cab12b164ecbb",
            "vendor_options": [],
            "volume": []
          },
          "sensitive_attributes": [],
          "private": "eyJlMmJmYjczMC1lY2FhLTExZTYtOGY4OC0zNDM2M2JjN2M0YzAiOnsiY3JlYXRlIjoxODAwMDAwMDAwMDAwLCJkZWxldGUiOjE4MDAwMDAwMDAwMDAsInVwZGF0ZSI6MTgwMDAwMDAwMDAwMH19",
          "dependencies": [
            "data.openstack_compute_flavor_v2.m1-micro",
            "data.openstack_images_image_v2.debian-buster",
            "data.openstack_networking_secgroup_v2.buster",
            "data.template_file.debian"
          ]
        }
      ]
    }
  ]
}
