{
  "version": 4,
  "terraform_version": "0.14.7",
  "serial": 8,
  "lineage": "d5cdcb0f-cc29-d731-1033-71e8f05356a3",
  "outputs": {},
  "resources": [
    {
      "mode": "data",
      "type": "openstack_compute_flavor_v2",
      "name": "m1-medium",
      "provider": "provider[\"registry.terraform.io/terraform-provider-openstack/openstack\"]",
      "instances": [
        {
          "schema_version": 0,
          "attributes": {
            "disk": 30,
            "extra_specs": {},
            "flavor_id": "0e879f36-b789-48a1-a307-d4967998cffa",
            "id": "0e879f36-b789-48a1-a307-d4967998cffa",
            "is_public": true,
            "min_disk": null,
            "min_ram": null,
            "name": "nodek8s",
            "ram": 6144,
            "region": null,
            "rx_tx_factor": 1,
            "swap": 0,
            "vcpus": 3
          },
          "sensitive_attributes": []
        }
      ]
    },
    {
      "mode": "data",
      "type": "openstack_images_image_v2",
      "name": "ubuntu",
      "provider": "provider[\"registry.terraform.io/terraform-provider-openstack/openstack\"]",
      "instances": [
        {
          "schema_version": 0,
          "attributes": {
            "checksum": "1fa8fda97e912b2dd6c47b2a958d9de8",
            "container_format": "bare",
            "created_at": "2020-05-28T11:39:03Z",
            "disk_format": "qcow2",
            "file": "/v2/images/4028b00b-4c7c-48b4-8e05-a210012dd303/file",
            "id": "4028b00b-4c7c-48b4-8e05-a210012dd303",
            "member_status": null,
            "metadata": {},
            "min_disk_gb": 0,
            "min_ram_mb": 0,
            "most_recent": true,
            "name": "Ubuntu1804",
            "owner": "ce002f53eaaf4effaec35ec0e6879f84",
            "properties": null,
            "protected": false,
            "region": "RegionOne",
            "schema": "/v2/schemas/image",
            "size_bytes": 345571328,
            "size_max": null,
            "size_min": null,
            "sort_direction": "asc",
            "sort_key": "name",
            "tag": null,
            "tags": [],
            "updated_at": "2020-05-28T11:39:08Z",
            "visibility": "public"
          },
          "sensitive_attributes": []
        }
      ]
    },
    {
      "mode": "data",
      "type": "openstack_networking_floatingip_v2",
      "name": "ubuntu-fip",
      "provider": "provider[\"registry.terraform.io/terraform-provider-openstack/openstack\"]",
      "instances": [
        {
          "schema_version": 0,
          "attributes": {
            "address": "10.80.81.165",
            "all_tags": [],
            "description": "Additional floating IP for terraform",
            "dns_domain": "",
            "dns_name": "",
            "fixed_ip": "",
            "id": "59d629e6-4cf5-4e5e-bba6-6bb381c563be",
            "pool": "e484483c-6387-44e3-b4c0-1075d1bc32ee",
            "port_id": "",
            "region": "RegionOne",
            "status": "DOWN",
            "tags": null,
            "tenant_id": "7625993ecf6d4b759984126f50d5ce4a"
          },
          "sensitive_attributes": []
        }
      ]
    },
    {
      "mode": "data",
      "type": "template_cloudinit_config",
      "name": "ubuntu",
      "provider": "provider[\"registry.terraform.io/hashicorp/template\"]",
      "instances": [
        {
          "schema_version": 0,
          "attributes": {
            "base64_encode": false,
            "gzip": false,
            "id": "1144907597",
            "part": [
              {
                "content": "#cloud-config\npackages:\n - prometheus-node-exporter\npassword: orion\nchpasswd: { expire: False }\nssh_pwauth: True\n",
                "content_type": "text/cloud-config",
                "filename": "init.cfg",
                "merge_type": ""
              }
            ],
            "rendered": "Content-Type: multipart/mixed; boundary=\"MIMEBOUNDARY\"\nMIME-Version: 1.0\r\n\r\n--MIMEBOUNDARY\r\nContent-Disposition: attachment; filename=\"init.cfg\"\r\nContent-Transfer-Encoding: 7bit\r\nContent-Type: text/cloud-config\r\nMime-Version: 1.0\r\n\r\n#cloud-config\npackages:\n - prometheus-node-exporter\npassword: orion\nchpasswd: { expire: False }\nssh_pwauth: True\n\r\n--MIMEBOUNDARY--\r\n"
          },
          "sensitive_attributes": []
        }
      ]
    },
    {
      "mode": "data",
      "type": "template_file",
      "name": "ubuntu",
      "provider": "provider[\"registry.terraform.io/hashicorp/template\"]",
      "instances": [
        {
          "schema_version": 0,
          "attributes": {
            "filename": null,
            "id": "48182f611854e1ce669e8e97424cef9f73a20ac0ac3ca000a402f79449ecce7e",
            "rendered": "#cloud-config\npackages:\n - prometheus-node-exporter\npassword: orion\nchpasswd: { expire: False }\nssh_pwauth: True\n",
            "template": "#cloud-config\npackages:\n - prometheus-node-exporter\npassword: orion\nchpasswd: { expire: False }\nssh_pwauth: True\n",
            "vars": null
          },
          "sensitive_attributes": []
        }
      ]
    },
    {
      "mode": "managed",
      "type": "openstack_compute_floatingip_associate_v2",
      "name": "ubuntu-fip",
      "provider": "provider[\"registry.terraform.io/terraform-provider-openstack/openstack\"]",
      "instances": [
        {
          "schema_version": 0,
          "attributes": {
            "fixed_ip": "",
            "floating_ip": "10.80.81.165",
            "id": "10.80.81.165/03089cbc-8378-43a4-931a-43139c215f04/",
            "instance_id": "03089cbc-8378-43a4-931a-43139c215f04",
            "region": "RegionOne",
            "timeouts": null,
            "wait_until_associated": null
          },
          "sensitive_attributes": [],
          "private": "eyJlMmJmYjczMC1lY2FhLTExZTYtOGY4OC0zNDM2M2JjN2M0YzAiOnsiY3JlYXRlIjo2MDAwMDAwMDAwMDB9fQ==",
          "dependencies": [
            "data.openstack_compute_flavor_v2.m1-medium",
            "data.openstack_images_image_v2.ubuntu",
            "data.openstack_networking_floatingip_v2.ubuntu-fip",
            "data.template_file.ubuntu",
            "openstack_compute_instance_v2.ubuntu",
            "openstack_compute_keypair_v2.symphonyx",
            "openstack_networking_secgroup_v2.buster"
          ]
        }
      ]
    },
    {
      "mode": "managed",
      "type": "openstack_compute_instance_v2",
      "name": "ubuntu",
      "provider": "provider[\"registry.terraform.io/terraform-provider-openstack/openstack\"]",
      "instances": [
        {
          "schema_version": 0,
          "attributes": {
            "access_ip_v4": "172.16.101.3",
            "access_ip_v6": "",
            "admin_pass": null,
            "all_metadata": {
              "node_exporter": "true",
              "prometheus": "true"
            },
            "all_tags": [],
            "availability_zone": "nova",
            "availability_zone_hints": null,
            "block_device": [],
            "config_drive": null,
            "flavor_id": "0e879f36-b789-48a1-a307-d4967998cffa",
            "flavor_name": "nodek8s",
            "floating_ip": null,
            "force_delete": false,
            "id": "03089cbc-8378-43a4-931a-43139c215f04",
            "image_id": "4028b00b-4c7c-48b4-8e05-a210012dd303",
            "image_name": "Ubuntu1804",
            "key_pair": "symphonyx",
            "metadata": {
              "node_exporter": "true",
              "prometheus": "true"
            },
            "name": "ubuntu",
            "network": [
              {
                "access_network": false,
                "fixed_ip_v4": "172.16.101.3",
                "fixed_ip_v6": "",
                "floating_ip": "",
                "mac": "fa:16:3e:d5:0d:4d",
                "name": "SGI_ORAN",
                "port": "",
                "uuid": "157685f3-5cd3-40ea-aa61-e5cdc458d772"
              }
            ],
            "network_mode": null,
            "personality": [],
            "power_state": "active",
            "region": "RegionOne",
            "scheduler_hints": [],
            "security_groups": [
              "buster"
            ],
            "stop_before_destroy": false,
            "tags": null,
            "timeouts": null,
            "user_data": "8f99030c2f3fbd65926ac18f7a4ae6d5124e68d1",
            "vendor_options": [],
            "volume": []
          },
          "sensitive_attributes": [],
          "private": "eyJlMmJmYjczMC1lY2FhLTExZTYtOGY4OC0zNDM2M2JjN2M0YzAiOnsiY3JlYXRlIjoxODAwMDAwMDAwMDAwLCJkZWxldGUiOjE4MDAwMDAwMDAwMDAsInVwZGF0ZSI6MTgwMDAwMDAwMDAwMH19",
          "dependencies": [
            "data.openstack_compute_flavor_v2.m1-medium",
            "data.openstack_images_image_v2.ubuntu",
            "data.template_file.ubuntu",
            "openstack_compute_keypair_v2.symphonyx",
            "openstack_networking_secgroup_v2.buster"
          ]
        }
      ]
    },
    {
      "mode": "managed",
      "type": "openstack_compute_keypair_v2",
      "name": "symphonyx",
      "provider": "provider[\"registry.terraform.io/terraform-provider-openstack/openstack\"]",
      "instances": [
        {
          "schema_version": 0,
          "attributes": {
            "fingerprint": "74:55:44:fd:5b:38:6a:98:6c:73:e2:e8:85:95:54:6b",
            "id": "symphonyx",
            "name": "symphonyx",
            "private_key": "-----BEGIN RSA PRIVATE KEY-----\nMIIEpAIBAAKCAQEApCqh8C+RDG/Ug3oVsmWZ4VlNA7wBLYBRh8SGCgE/25eErreJ\n7A0Y01tzjRG9VdZ1XscKK77PK0Ev40yjtFHn9bqJVlxTxakSmqhdPyFCekaGKvYh\neuYzMpw/UDKjUWq1VPtjn6keNTzCXuNjXVTUw5FH3mqEB6JRpfOfPEbW9R7dzGPw\nXRQq70nD9QGKVq42HtFUT9P4/ImW6p/BKsFTdRLzsl/S4u+9m9+kKyDdFW0sEyVt\nKq8K2Gg8oerXaRJXC69rckTBwFapFpqpntXInCk+0Wn+aW/42b9QbaA+zr1wmPk4\nsfNXWbG2ET4GEmwjwas0PYfNI6APneBJW8yAqwIDAQABAoIBAD8OlRch3jANwG4j\n9bOJbRru5zMZAsbMdASXSvkK09FwGKnXm+WMfk2o4fB8sOIItxqJj3GQIBk4N8Gy\nDWtUzqlHVjtSyWax85BuPSrjhppa/mwAEIoZY+77ryIJ4UuDllUnHnQUTKMcTHiQ\nFPmjfPoFkrpu5XndMklxE2feufB6pg9LfRJ799DGqG0pbk799m/4EKi+j9s863Y5\nFgvveDKYqT3WmrktRY4tQR9ub2hs8blEEjmdX1F01yF4ZYz9XM63SZ63I5qvhpmu\nBGfBE7Uz9l8QdFtYKrAjjp/+/IpRsWDgt9TW1kck+xexKarBBxIARbExGRSZwd4b\n+Um5wekCgYEA1Xi7x7M5nelvSdbaQojjHrB+lvYgmdfAgCATEx4noNg/JU5Vk8C/\nGBbXkBnQfNDttBux65HwufhoIFYdZff8GewlyL+EhC2vdXY0J3BEW6ylu3L7gdHW\n/gx4Rtf7PABm5nCA0A/0lbF9IAoMRYaMgFMhty9EZe6Ux7xi8ssyJ7cCgYEAxN9K\nWbjX5L+oaO7V6y9OnwDAI1qK4Vjyoo+kOEZJlH1QKXw2/L0Alm78WYofmqm5CZAh\nP9Kc2S4kaP4FFLipXWP/o/WRXY7g/iR0+Aek3XrhssohNBMaNG4WWQDywJallMJb\nLIuDctUcoljK9s1b4eyBNqrBcVbW4dHe5C4Rpq0CgYEAx2TJiWP4Gm7zu3XLUsCH\n3J+g7qMhmnFzZnoPNxlAjLXQbak4uBUeqYKUgQ4Ltrp0fXos+0vLHfpQUHv/Y8J5\noUD5ngR94/TEYiQx3PC5eSPPfkKNeBooBg5hvlJ5YfdCJlbJiw6MN9KcfHPGOJ7P\n2AFOicvFyKxMHjDx/7UauQsCgYEAuun83z59y3Kj5CyN8WLS1GeUBHzcSqN2ihyy\nn7Mr/M0VJK4ITuDrA+iPsjtPUjo9sfSjfMLro88JRp2WGVxRgJeGiRaHUzpqJyBZ\n5XrsblNSobsC1zwjrw+uLAaYc30T7C6y/ZHf1VC8hO6klLnYuKEg9NQeIQt/rJrj\nceTDYWkCgYAUNjekE1Z24pEJ1tVOu5g2uajS6330hPB1aq3DBrv6hFoPUAyQgUn4\njEVvVANAgWnpAROSLTJ1BMT42neCWCSPN9yC16+K1GkKvJirxrFGNBDnUieUY5Ox\n2TfWZDdls/BG+e7pyuex0cenSnrzPEOz18wLu5LWa4DjA1dvieIpWQ==\n-----END RSA PRIVATE KEY-----\n",
            "public_key": "ssh-rsa AAAAB3NzaC1yc2EAAAADAQABAAABAQCkKqHwL5EMb9SDehWyZZnhWU0DvAEtgFGHxIYKAT/bl4Sut4nsDRjTW3ONEb1V1nVexworvs8rQS/jTKO0Uef1uolWXFPFqRKaqF0/IUJ6RoYq9iF65jMynD9QMqNRarVU+2OfqR41PMJe42NdVNTDkUfeaoQHolGl8588Rtb1Ht3MY/BdFCrvScP1AYpWrjYe0VRP0/j8iZbqn8EqwVN1EvOyX9Li772b36QrIN0VbSwTJW0qrwrYaDyh6tdpElcLr2tyRMHAVqkWmqme1cicKT7Raf5pb/jZv1BtoD7OvXCY+Tix81dZsbYRPgYSbCPBqzQ9h80joA+d4ElbzICr Generated-by-Nova",
            "region": "RegionOne",
            "value_specs": null
          },
          "sensitive_attributes": [],
          "private": "bnVsbA=="
        }
      ]
    },
    {
      "mode": "managed",
      "type": "openstack_networking_secgroup_rule_v2",
      "name": "icmp_v4",
      "provider": "provider[\"registry.terraform.io/terraform-provider-openstack/openstack\"]",
      "instances": [
        {
          "schema_version": 0,
          "attributes": {
            "description": "",
            "direction": "ingress",
            "ethertype": "IPv4",
            "id": "a1726f8a-817c-4ae3-a173-a6b5418c0cf9",
            "port_range_max": 0,
            "port_range_min": 0,
            "protocol": "icmp",
            "region": "RegionOne",
            "remote_group_id": "",
            "remote_ip_prefix": "0.0.0.0/0",
            "security_group_id": "a4f4c743-5d37-401d-9594-4529e6bc5414",
            "tenant_id": "7625993ecf6d4b759984126f50d5ce4a",
            "timeouts": null
          },
          "sensitive_attributes": [],
          "private": "eyJlMmJmYjczMC1lY2FhLTExZTYtOGY4OC0zNDM2M2JjN2M0YzAiOnsiZGVsZXRlIjo2MDAwMDAwMDAwMDB9fQ==",
          "dependencies": [
            "openstack_networking_secgroup_v2.buster"
          ]
        }
      ]
    },
    {
      "mode": "managed",
      "type": "openstack_networking_secgroup_rule_v2",
      "name": "node_exporter",
      "provider": "provider[\"registry.terraform.io/terraform-provider-openstack/openstack\"]",
      "instances": [
        {
          "schema_version": 0,
          "attributes": {
            "description": "",
            "direction": "ingress",
            "ethertype": "IPv4",
            "id": "82ffc5bb-c964-45cf-b64a-1bc2781b87da",
            "port_range_max": 9100,
            "port_range_min": 9100,
            "protocol": "tcp",
            "region": "RegionOne",
            "remote_group_id": "",
            "remote_ip_prefix": "0.0.0.0/0",
            "security_group_id": "a4f4c743-5d37-401d-9594-4529e6bc5414",
            "tenant_id": "7625993ecf6d4b759984126f50d5ce4a",
            "timeouts": null
          },
          "sensitive_attributes": [],
          "private": "eyJlMmJmYjczMC1lY2FhLTExZTYtOGY4OC0zNDM2M2JjN2M0YzAiOnsiZGVsZXRlIjo2MDAwMDAwMDAwMDB9fQ==",
          "dependencies": [
            "openstack_networking_secgroup_v2.buster"
          ]
        }
      ]
    },
    {
      "mode": "managed",
      "type": "openstack_networking_secgroup_rule_v2",
      "name": "ssh",
      "provider": "provider[\"registry.terraform.io/terraform-provider-openstack/openstack\"]",
      "instances": [
        {
          "schema_version": 0,
          "attributes": {
            "description": "",
            "direction": "ingress",
            "ethertype": "IPv4",
            "id": "56b11fb5-5390-4843-b1fa-98e6c188508a",
            "port_range_max": 22,
            "port_range_min": 22,
            "protocol": "tcp",
            "region": "RegionOne",
            "remote_group_id": "",
            "remote_ip_prefix": "0.0.0.0/0",
            "security_group_id": "a4f4c743-5d37-401d-9594-4529e6bc5414",
            "tenant_id": "7625993ecf6d4b759984126f50d5ce4a",
            "timeouts": null
          },
          "sensitive_attributes": [],
          "private": "eyJlMmJmYjczMC1lY2FhLTExZTYtOGY4OC0zNDM2M2JjN2M0YzAiOnsiZGVsZXRlIjo2MDAwMDAwMDAwMDB9fQ==",
          "dependencies": [
            "openstack_networking_secgroup_v2.buster"
          ]
        }
      ]
    },
    {
      "mode": "managed",
      "type": "openstack_networking_secgroup_v2",
      "name": "buster",
      "provider": "provider[\"registry.terraform.io/terraform-provider-openstack/openstack\"]",
      "instances": [
        {
          "schema_version": 0,
          "attributes": {
            "all_tags": [],
            "delete_default_rules": null,
            "description": "Buster Security Group",
            "id": "a4f4c743-5d37-401d-9594-4529e6bc5414",
            "name": "buster",
            "region": "RegionOne",
            "tags": null,
            "tenant_id": "7625993ecf6d4b759984126f50d5ce4a",
            "timeouts": null
          },
          "sensitive_attributes": [],
          "private": "eyJlMmJmYjczMC1lY2FhLTExZTYtOGY4OC0zNDM2M2JjN2M0YzAiOnsiZGVsZXRlIjo2MDAwMDAwMDAwMDB9fQ=="
        }
      ]
    }
  ]
}
