{
  "version": 4,
  "terraform_version": "0.14.7",
  "serial": 29,
  "lineage": "d5cdcb0f-cc29-d731-1033-71e8f05356a3",
  "outputs": {},
  "resources": [
    {
      "mode": "data",
      "type": "openstack_compute_flavor_v2",
      "name": "m1-medium",
      "provider": "provider[\"registry.terraform.io/terraform-provider-openstack/openstack\"]",
      "instances": [
        {
          "schema_version": 0,
          "attributes": {
            "disk": 50,
            "extra_specs": {},
            "flavor_id": "d5cb96d8-c99b-441d-a4b5-1be84cb760fe",
            "id": "d5cb96d8-c99b-441d-a4b5-1be84cb760fe",
            "is_public": true,
            "min_disk": null,
            "min_ram": null,
            "name": "magma-agw",
            "ram": 4096,
            "region": null,
            "rx_tx_factor": 1,
            "swap": 0,
            "vcpus": 1
          },
          "sensitive_attributes": []
        }
      ]
    },
    {
      "mode": "data",
      "type": "openstack_images_image_v2",
      "name": "ubuntu",
      "provider": "provider[\"registry.terraform.io/terraform-provider-openstack/openstack\"]",
      "instances": [
        {
          "schema_version": 0,
          "attributes": {
            "checksum": "1fa8fda97e912b2dd6c47b2a958d9de8",
            "container_format": "bare",
            "created_at": "2020-05-28T11:39:03Z",
            "disk_format": "qcow2",
            "file": "/v2/images/4028b00b-4c7c-48b4-8e05-a210012dd303/file",
            "id": "4028b00b-4c7c-48b4-8e05-a210012dd303",
            "member_status": null,
            "metadata": {},
            "min_disk_gb": 0,
            "min_ram_mb": 0,
            "most_recent": true,
            "name": "Ubuntu1804",
            "owner": "ce002f53eaaf4effaec35ec0e6879f84",
            "properties": null,
            "protected": false,
            "region": "RegionOne",
            "schema": "/v2/schemas/image",
            "size_bytes": 345571328,
            "size_max": null,
            "size_min": null,
            "sort_direction": "asc",
            "sort_key": "name",
            "tag": null,
            "tags": [],
            "updated_at": "2020-05-28T11:39:08Z",
            "visibility": "public"
          },
          "sensitive_attributes": []
        }
      ]
    },
    {
      "mode": "data",
      "type": "openstack_networking_floatingip_v2",
      "name": "ubuntu-fip",
      "provider": "provider[\"registry.terraform.io/terraform-provider-openstack/openstack\"]",
      "instances": [
        {
          "schema_version": 0,
          "attributes": {
            "address": "10.80.81.165",
            "all_tags": [],
            "description": "Additional floating IP for terraform",
            "dns_domain": "",
            "dns_name": "",
            "fixed_ip": "",
            "id": "59d629e6-4cf5-4e5e-bba6-6bb381c563be",
            "pool": "e484483c-6387-44e3-b4c0-1075d1bc32ee",
            "port_id": "",
            "region": "RegionOne",
            "status": "DOWN",
            "tags": null,
            "tenant_id": "7625993ecf6d4b759984126f50d5ce4a"
          },
          "sensitive_attributes": []
        }
      ]
    },
    {
      "mode": "data",
      "type": "template_cloudinit_config",
      "name": "ubuntu",
      "provider": "provider[\"registry.terraform.io/hashicorp/template\"]",
      "instances": [
        {
          "schema_version": 0,
          "attributes": {
            "base64_encode": false,
            "gzip": false,
            "id": "1144907597",
            "part": [
              {
                "content": "#cloud-config\npackages:\n - prometheus-node-exporter\npassword: orion\nchpasswd: { expire: False }\nssh_pwauth: True\n",
                "content_type": "text/cloud-config",
                "filename": "init.cfg",
                "merge_type": ""
              }
            ],
            "rendered": "Content-Type: multipart/mixed; boundary=\"MIMEBOUNDARY\"\nMIME-Version: 1.0\r\n\r\n--MIMEBOUNDARY\r\nContent-Disposition: attachment; filename=\"init.cfg\"\r\nContent-Transfer-Encoding: 7bit\r\nContent-Type: text/cloud-config\r\nMime-Version: 1.0\r\n\r\n#cloud-config\npackages:\n - prometheus-node-exporter\npassword: orion\nchpasswd: { expire: False }\nssh_pwauth: True\n\r\n--MIMEBOUNDARY--\r\n"
          },
          "sensitive_attributes": []
        }
      ]
    },
    {
      "mode": "data",
      "type": "template_file",
      "name": "ubuntu",
      "provider": "provider[\"registry.terraform.io/hashicorp/template\"]",
      "instances": [
        {
          "schema_version": 0,
          "attributes": {
            "filename": null,
            "id": "48182f611854e1ce669e8e97424cef9f73a20ac0ac3ca000a402f79449ecce7e",
            "rendered": "#cloud-config\npackages:\n - prometheus-node-exporter\npassword: orion\nchpasswd: { expire: False }\nssh_pwauth: True\n",
            "template": "#cloud-config\npackages:\n - prometheus-node-exporter\npassword: orion\nchpasswd: { expire: False }\nssh_pwauth: True\n",
            "vars": null
          },
          "sensitive_attributes": []
        }
      ]
    },
    {
      "mode": "managed",
      "type": "openstack_compute_floatingip_associate_v2",
      "name": "ubuntu-fip",
      "provider": "provider[\"registry.terraform.io/terraform-provider-openstack/openstack\"]",
      "instances": [
        {
          "schema_version": 0,
          "attributes": {
            "fixed_ip": "",
            "floating_ip": "10.80.81.165",
            "id": "10.80.81.165/8922a80f-aece-4b04-8b18-40203c62c0fd/",
            "instance_id": "8922a80f-aece-4b04-8b18-40203c62c0fd",
            "region": "RegionOne",
            "timeouts": null,
            "wait_until_associated": null
          },
          "sensitive_attributes": [],
          "private": "eyJlMmJmYjczMC1lY2FhLTExZTYtOGY4OC0zNDM2M2JjN2M0YzAiOnsiY3JlYXRlIjo2MDAwMDAwMDAwMDB9fQ==",
          "dependencies": [
            "data.openstack_compute_flavor_v2.m1-medium",
            "data.openstack_images_image_v2.ubuntu",
            "data.openstack_networking_floatingip_v2.ubuntu-fip",
            "data.template_file.ubuntu",
            "openstack_compute_instance_v2.ubuntu",
            "openstack_compute_keypair_v2.symphonyx",
            "openstack_networking_secgroup_v2.buster"
          ]
        }
      ]
    },
    {
      "mode": "managed",
      "type": "openstack_compute_instance_v2",
      "name": "ubuntu",
      "provider": "provider[\"registry.terraform.io/terraform-provider-openstack/openstack\"]",
      "instances": [
        {
          "schema_version": 0,
          "attributes": {
            "access_ip_v4": "172.16.101.5",
            "access_ip_v6": "",
            "admin_pass": null,
            "all_metadata": {
              "node_exporter": "true",
              "prometheus": "true"
            },
            "all_tags": [],
            "availability_zone": "nova",
            "availability_zone_hints": null,
            "block_device": [],
            "config_drive": null,
            "flavor_id": "d5cb96d8-c99b-441d-a4b5-1be84cb760fe",
            "flavor_name": "magma-agw",
            "floating_ip": null,
            "force_delete": false,
            "id": "8922a80f-aece-4b04-8b18-40203c62c0fd",
            "image_id": "4028b00b-4c7c-48b4-8e05-a210012dd303",
            "image_name": "Ubuntu1804",
            "key_pair": "symphonyx",
            "metadata": {
              "node_exporter": "true",
              "prometheus": "true"
            },
            "name": "terraform_ubuntu",
            "network": [
              {
                "access_network": false,
                "fixed_ip_v4": "172.16.101.5",
                "fixed_ip_v6": "",
                "floating_ip": "",
                "mac": "fa:16:3e:4f:96:ce",
                "name": "SGI_ORAN",
                "port": "",
                "uuid": "157685f3-5cd3-40ea-aa61-e5cdc458d772"
              }
            ],
            "network_mode": null,
            "personality": [],
            "power_state": "active",
            "region": "RegionOne",
            "scheduler_hints": [],
            "security_groups": [
              "buster"
            ],
            "stop_before_destroy": false,
            "tags": null,
            "timeouts": null,
            "user_data": "8f99030c2f3fbd65926ac18f7a4ae6d5124e68d1",
            "vendor_options": [],
            "volume": []
          },
          "sensitive_attributes": [],
          "private": "eyJlMmJmYjczMC1lY2FhLTExZTYtOGY4OC0zNDM2M2JjN2M0YzAiOnsiY3JlYXRlIjoxODAwMDAwMDAwMDAwLCJkZWxldGUiOjE4MDAwMDAwMDAwMDAsInVwZGF0ZSI6MTgwMDAwMDAwMDAwMH19",
          "dependencies": [
            "data.openstack_compute_flavor_v2.m1-medium",
            "data.openstack_images_image_v2.ubuntu",
            "data.template_file.ubuntu",
            "openstack_compute_keypair_v2.symphonyx",
            "openstack_networking_secgroup_v2.buster"
          ]
        }
      ]
    },
    {
      "mode": "managed",
      "type": "openstack_compute_keypair_v2",
      "name": "symphonyx",
      "provider": "provider[\"registry.terraform.io/terraform-provider-openstack/openstack\"]",
      "instances": [
        {
          "schema_version": 0,
          "attributes": {
            "fingerprint": "30:a7:e7:b9:39:45:1a:7e:5c:c9:83:21:50:95:84:50",
            "id": "symphonyx",
            "name": "symphonyx",
            "private_key": "-----BEGIN RSA PRIVATE KEY-----\nMIIEowIBAAKCAQEAxzEWDi/5bqsEHPXNahVjJSDOTWHdHAOSds8gnvgIKExYWEyw\nMpmY0rBX0/gucSIp6ge1O1t0Itl7od4a6PuTEcvEE41+oJCH9xObN2cZ0OHwhbni\nJncAW/kS9ogD1SkFRg4mRWCTAMRiGtD77do7LVlQ17bs8yIE/Ol0KeeU1gpDGljV\npRs+pxEHKgiy+LNyxEWqVOaiLuuoHlPcw/pV+RbVZA2qiAhbeYisjOqWO9+hdlNB\nqPSMmb3TstiBsXfpzdEzr9bQ4LEivtJWfMSAEllZq9aIznedFu+Tl+upX0bA1+hi\n2mTfG0l1jV9n3ksDpJlGt4sg+4uyO0WbOo7GxwIDAQABAoIBAHj4ZZWeKxS7xZa0\n7NhlPr4Yq1Gxgm/192gyKHSC26llnC2b/VHtmDM0J1KzIblRbzUTE0yGIQTdIclP\nMvaVel7PajgZsXJf9ELoZFaERdhmrwT3u9FyagRxQsP4HKPC8tH12+Y8XWqU2aPB\nkY6E/3VuDbvD+yk5WuAiA4tDek91/Z1M3imOhfh+nXyoXigAHvSbKfPHf5tD4Dl3\nRy/hC3Q27f0pVT8iIXBcuWHAgva9d33AQzB0MPa4t8rjS/BKCpDyEcLRx3vijKnV\npzyuyfyh1MiBjrQvMCMMO4WW16XMEBwG9PKEyCm/jyC67NiMq+4VXSDs27D53M9n\ncw4Pw3ECgYEA/7HTF8oMne0lv+/pW2ryzNituH74aNu8nmqDWX3lwYcaPu6D9fHC\n3Vkl9607GNkqSct8hu76K6QabXthmcg+5qOtzq/pv0gZjzlyLNDpZTYuGYq8Rww0\nGbVcPy1mp1fwrlv7rN7ga8dYaRdjUkWgmWB3ksWQFsJATk5FX+H4aw8CgYEAx238\njPAHCOEmhgOzxJzBsL2cQ20KgmaAmvksh/zF/dac4nwaWHipnAg51tnYj1eUB5Zp\njzjl8rJCOk7U07rmSpXqSWTv5z5Wi5Mz0E2OYTXlgXNVXz0E5Uf1/jJABfEOwTph\n1NB+2AYcGU3AkLviTLZyGFjNemYg3qjTk/MxyMkCgYEA+GkUggoj09IvWJeGCPCQ\nTn871wBT6duBFg646VqsuiW9U+J5hZmJDW6sukEsJunkcaklpBnMJlXZ7v9tRPAM\nXBoso5634sPzQPg4el3EQjYu91WXsRakD03o/t/m2TFQfLSUf9BQC6WxuPel4KoQ\narITuR4C7Hlv7COStqJcq/UCgYA30vDT3siJUsT+1IB4s8yAFcNtGFPNxrWPK9qs\nQjSF5pJJz6VsSHJpy9+s5ZP6I/C64v6vaaTsd7uUKMbocbPPAwHvA4Mn/sopDc5+\nK4eEbJrOzqMCIsmBCNCyFAzZ3O1dZ2NFOAuZmrQ43QvfN8iT4qozaIA0F+xxh16a\nVoQECQKBgBb7+l35Tdtkm6GcPI+Jyn0kaZ/Bh0RlwqwGKFM367Aseiv1qOFeFlnW\nbwm/mIkwWdddmKHcc/90kDhdm6ZM8GWXNk1DwRNZOuGgZ2o69Yt77VfAomI6jdE1\nB6fuMboE+un0xyQOps7vYBZAPa4LZhRE/yy6oth13qrQIjrD8iJu\n-----END RSA PRIVATE KEY-----\n",
            "public_key": "ssh-rsa AAAAB3NzaC1yc2EAAAADAQABAAABAQDHMRYOL/luqwQc9c1qFWMlIM5NYd0cA5J2zyCe+AgoTFhYTLAymZjSsFfT+C5xIinqB7U7W3Qi2Xuh3hro+5MRy8QTjX6gkIf3E5s3ZxnQ4fCFueImdwBb+RL2iAPVKQVGDiZFYJMAxGIa0Pvt2jstWVDXtuzzIgT86XQp55TWCkMaWNWlGz6nEQcqCLL4s3LERapU5qIu66geU9zD+lX5FtVkDaqICFt5iKyM6pY736F2U0Go9IyZvdOy2IGxd+nN0TOv1tDgsSK+0lZ8xIASWVmr1ojOd50W75OX66lfRsDX6GLaZN8bSXWNX2feSwOkmUa3iyD7i7I7RZs6jsbH Generated-by-Nova",
            "region": "RegionOne",
            "value_specs": null
          },
          "sensitive_attributes": [],
          "private": "bnVsbA=="
        }
      ]
    },
    {
      "mode": "managed",
      "type": "openstack_networking_secgroup_rule_v2",
      "name": "icmp_v4",
      "provider": "provider[\"registry.terraform.io/terraform-provider-openstack/openstack\"]",
      "instances": [
        {
          "schema_version": 0,
          "attributes": {
            "description": "",
            "direction": "ingress",
            "ethertype": "IPv4",
            "id": "87cf52c3-5ddc-4cdc-8609-00a083fd10a6",
            "port_range_max": 0,
            "port_range_min": 0,
            "protocol": "icmp",
            "region": "RegionOne",
            "remote_group_id": "",
            "remote_ip_prefix": "0.0.0.0/0",
            "security_group_id": "19c61ffc-4019-4a67-a144-19ae2fa7ec91",
            "tenant_id": "7625993ecf6d4b759984126f50d5ce4a",
            "timeouts": null
          },
          "sensitive_attributes": [],
          "private": "eyJlMmJmYjczMC1lY2FhLTExZTYtOGY4OC0zNDM2M2JjN2M0YzAiOnsiZGVsZXRlIjo2MDAwMDAwMDAwMDB9fQ==",
          "dependencies": [
            "openstack_networking_secgroup_v2.buster"
          ]
        }
      ]
    },
    {
      "mode": "managed",
      "type": "openstack_networking_secgroup_rule_v2",
      "name": "node_exporter",
      "provider": "provider[\"registry.terraform.io/terraform-provider-openstack/openstack\"]",
      "instances": [
        {
          "schema_version": 0,
          "attributes": {
            "description": "",
            "direction": "ingress",
            "ethertype": "IPv4",
            "id": "ca0d7ab2-056a-48f1-b74a-61d5ebd1da10",
            "port_range_max": 9100,
            "port_range_min": 9100,
            "protocol": "tcp",
            "region": "RegionOne",
            "remote_group_id": "",
            "remote_ip_prefix": "0.0.0.0/0",
            "security_group_id": "19c61ffc-4019-4a67-a144-19ae2fa7ec91",
            "tenant_id": "7625993ecf6d4b759984126f50d5ce4a",
            "timeouts": null
          },
          "sensitive_attributes": [],
          "private": "eyJlMmJmYjczMC1lY2FhLTExZTYtOGY4OC0zNDM2M2JjN2M0YzAiOnsiZGVsZXRlIjo2MDAwMDAwMDAwMDB9fQ==",
          "dependencies": [
            "openstack_networking_secgroup_v2.buster"
          ]
        }
      ]
    },
    {
      "mode": "managed",
      "type": "openstack_networking_secgroup_rule_v2",
      "name": "ssh",
      "provider": "provider[\"registry.terraform.io/terraform-provider-openstack/openstack\"]",
      "instances": [
        {
          "schema_version": 0,
          "attributes": {
            "description": "",
            "direction": "ingress",
            "ethertype": "IPv4",
            "id": "86dc0ce6-1e81-4fb6-a347-0e362e6ced40",
            "port_range_max": 22,
            "port_range_min": 22,
            "protocol": "tcp",
            "region": "RegionOne",
            "remote_group_id": "",
            "remote_ip_prefix": "0.0.0.0/0",
            "security_group_id": "19c61ffc-4019-4a67-a144-19ae2fa7ec91",
            "tenant_id": "7625993ecf6d4b759984126f50d5ce4a",
            "timeouts": null
          },
          "sensitive_attributes": [],
          "private": "eyJlMmJmYjczMC1lY2FhLTExZTYtOGY4OC0zNDM2M2JjN2M0YzAiOnsiZGVsZXRlIjo2MDAwMDAwMDAwMDB9fQ==",
          "dependencies": [
            "openstack_networking_secgroup_v2.buster"
          ]
        }
      ]
    },
    {
      "mode": "managed",
      "type": "openstack_networking_secgroup_v2",
      "name": "buster",
      "provider": "provider[\"registry.terraform.io/terraform-provider-openstack/openstack\"]",
      "instances": [
        {
          "schema_version": 0,
          "attributes": {
            "all_tags": [],
            "delete_default_rules": null,
            "description": "Buster Security Group",
            "id": "19c61ffc-4019-4a67-a144-19ae2fa7ec91",
            "name": "buster",
            "region": "RegionOne",
            "tags": null,
            "tenant_id": "7625993ecf6d4b759984126f50d5ce4a",
            "timeouts": null
          },
          "sensitive_attributes": [],
          "private": "eyJlMmJmYjczMC1lY2FhLTExZTYtOGY4OC0zNDM2M2JjN2M0YzAiOnsiZGVsZXRlIjo2MDAwMDAwMDAwMDB9fQ=="
        }
      ]
    }
  ]
}
